
Microsoft Visual Studio Solution File, Format Version 12.00
# Visual Studio Version 17
VisualStudioVersion = 17.14.36212.18 d17.14
MinimumVisualStudioVersion = 10.0.40219.1
Project("{FAE04EC0-301F-11D3-BF4B-00C04F79EFBC}") = "KönyvtáriBeiratkozás", "KönyvtáriBeiratkozás\KönyvtáriBeiratkozás.csproj", "{281285D0-7CB2-483D-A98E-1414B35B160C}"
EndProject
Global
	GlobalSection(SolutionConfigurationPlatforms) = preSolution
		Debug|Any CPU = Debug|Any CPU
		Release|Any CPU = Release|Any CPU
	EndGlobalSection
	GlobalSection(ProjectConfigurationPlatforms) = postSolution
		{281285D0-7CB2-483D-A98E-1414B35B160C}.Debug|Any CPU.ActiveCfg = Debug|Any CPU
		{281285D0-7CB2-483D-A98E-1414B35B160C}.Debug|Any CPU.Build.0 = Debug|Any CPU
		{281285D0-7CB2-483D-A98E-1414B35B160C}.Release|Any CPU.ActiveCfg = Release|Any CPU
		{281285D0-7CB2-483D-A98E-1414B35B160C}.Release|Any CPU.Build.0 = Release|Any CPU
	EndGlobalSection
	GlobalSection(SolutionProperties) = preSolution
		HideSolutionNode = FALSE
	EndGlobalSection
	GlobalSection(ExtensibilityGlobals) = postSolution
		SolutionGuid = {69C3B720-5512-4620-94F0-492BE8E80A7D}
	EndGlobalSection
EndGlobal
